
Microsoft Visual Studio Solution File, Format Version 12.00
# Visual Studio 15
VisualStudioVersion = 15.0.26124.0
MinimumVisualStudioVersion = 15.0.26124.0
Project("{FAE04EC0-301F-11D3-BF4B-00C04F79EFBC}") = "Driver", "Driver\Driver.csproj", "{956A4AE8-ABA2-4E86-A7DA-72840B1A6FBC}"
EndProject
Project("{FAE04EC0-301F-11D3-BF4B-00C04F79EFBC}") = "Example", "Example\Example.csproj", "{6008058A-A507-4F24-BB33-12C6AEA4196C}"
EndProject
Global
	GlobalSection(SolutionConfigurationPlatforms) = preSolution
		Debug|Any CPU = Debug|Any CPU
		Debug|x64 = Debug|x64
		Debug|x86 = Debug|x86
		Release|Any CPU = Release|Any CPU
		Release|x64 = Release|x64
		Release|x86 = Release|x86
	EndGlobalSection
	GlobalSection(SolutionProperties) = preSolution
		HideSolutionNode = FALSE
	EndGlobalSection
	GlobalSection(ProjectConfigurationPlatforms) = postSolution
		{956A4AE8-ABA2-4E86-A7DA-72840B1A6FBC}.Debug|Any CPU.ActiveCfg = Debug|Any CPU
		{956A4AE8-ABA2-4E86-A7DA-72840B1A6FBC}.Debug|Any CPU.Build.0 = Debug|Any CPU
		{956A4AE8-ABA2-4E86-A7DA-72840B1A6FBC}.Debug|x64.ActiveCfg = Debug|Any CPU
		{956A4AE8-ABA2-4E86-A7DA-72840B1A6FBC}.Debug|x64.Build.0 = Debug|Any CPU
		{956A4AE8-ABA2-4E86-A7DA-72840B1A6FBC}.Debug|x86.ActiveCfg = Debug|Any CPU
		{956A4AE8-ABA2-4E86-A7DA-72840B1A6FBC}.Debug|x86.Build.0 = Debug|Any CPU
		{956A4AE8-ABA2-4E86-A7DA-72840B1A6FBC}.Release|Any CPU.ActiveCfg = Release|Any CPU
		{956A4AE8-ABA2-4E86-A7DA-72840B1A6FBC}.Release|Any CPU.Build.0 = Release|Any CPU
		{956A4AE8-ABA2-4E86-A7DA-72840B1A6FBC}.Release|x64.ActiveCfg = Release|Any CPU
		{956A4AE8-ABA2-4E86-A7DA-72840B1A6FBC}.Release|x64.Build.0 = Release|Any CPU
		{956A4AE8-ABA2-4E86-A7DA-72840B1A6FBC}.Release|x86.ActiveCfg = Release|Any CPU
		{956A4AE8-ABA2-4E86-A7DA-72840B1A6FBC}.Release|x86.Build.0 = Release|Any CPU
		{6008058A-A507-4F24-BB33-12C6AEA4196C}.Debug|Any CPU.ActiveCfg = Debug|Any CPU
		{6008058A-A507-4F24-BB33-12C6AEA4196C}.Debug|Any CPU.Build.0 = Debug|Any CPU
		{6008058A-A507-4F24-BB33-12C6AEA4196C}.Debug|x64.ActiveCfg = Debug|Any CPU
		{6008058A-A507-4F24-BB33-12C6AEA4196C}.Debug|x64.Build.0 = Debug|Any CPU
		{6008058A-A507-4F24-BB33-12C6AEA4196C}.Debug|x86.ActiveCfg = Debug|Any CPU
		{6008058A-A507-4F24-BB33-12C6AEA4196C}.Debug|x86.Build.0 = Debug|Any CPU
		{6008058A-A507-4F24-BB33-12C6AEA4196C}.Release|Any CPU.ActiveCfg = Release|Any CPU
		{6008058A-A507-4F24-BB33-12C6AEA4196C}.Release|Any CPU.Build.0 = Release|Any CPU
		{6008058A-A507-4F24-BB33-12C6AEA4196C}.Release|x64.ActiveCfg = Release|Any CPU
		{6008058A-A507-4F24-BB33-12C6AEA4196C}.Release|x64.Build.0 = Release|Any CPU
		{6008058A-A507-4F24-BB33-12C6AEA4196C}.Release|x86.ActiveCfg = Release|Any CPU
		{6008058A-A507-4F24-BB33-12C6AEA4196C}.Release|x86.Build.0 = Release|Any CPU
		{B10CC659-0C65-4C44-A3A4-97F7CD283E3A}.Debug|Any CPU.ActiveCfg = Debug|Any CPU
		{B10CC659-0C65-4C44-A3A4-97F7CD283E3A}.Debug|Any CPU.Build.0 = Debug|Any CPU
		{B10CC659-0C65-4C44-A3A4-97F7CD283E3A}.Debug|x64.ActiveCfg = Debug|Any CPU
		{B10CC659-0C65-4C44-A3A4-97F7CD283E3A}.Debug|x64.Build.0 = Debug|Any CPU
		{B10CC659-0C65-4C44-A3A4-97F7CD283E3A}.Debug|x86.ActiveCfg = Debug|Any CPU
		{B10CC659-0C65-4C44-A3A4-97F7CD283E3A}.Debug|x86.Build.0 = Debug|Any CPU
		{B10CC659-0C65-4C44-A3A4-97F7CD283E3A}.Release|Any CPU.ActiveCfg = Release|Any CPU
		{B10CC659-0C65-4C44-A3A4-97F7CD283E3A}.Release|Any CPU.Build.0 = Release|Any CPU
		{B10CC659-0C65-4C44-A3A4-97F7CD283E3A}.Release|x64.ActiveCfg = Release|Any CPU
		{B10CC659-0C65-4C44-A3A4-97F7CD283E3A}.Release|x64.Build.0 = Release|Any CPU
		{B10CC659-0C65-4C44-A3A4-97F7CD283E3A}.Release|x86.ActiveCfg = Release|Any CPU
		{B10CC659-0C65-4C44-A3A4-97F7CD283E3A}.Release|x86.Build.0 = Release|Any CPU
	EndGlobalSection
EndGlobal
